
Microsoft Visual Studio Solution File, Format Version 12.00
# Visual Studio 14
VisualStudioVersion = 14.0.22823.1
MinimumVisualStudioVersion = 10.0.40219.1
Project("{FAE04EC0-301F-11D3-BF4B-00C04F79EFBC}") = "slicer", "slicer\slicer.csproj", "{DB868004-C961-4D7B-B25E-185C160A1F47}"
EndProject
Project("{FAE04EC0-301F-11D3-BF4B-00C04F79EFBC}") = "slicer.test", "slicer.test\slicer.test.csproj", "{2D7E8706-7C0D-46D4-8E26-CCE01BF19270}"
EndProject
Project("{FAE04EC0-301F-11D3-BF4B-00C04F79EFBC}") = "slicer.console", "slicer.console\slicer.console.csproj", "{F622CAA3-A959-44CC-98C3-A2F606824B99}"
EndProject
Project("{2150E333-8FDC-42A3-9474-1A3956D46DE8}") = "files", "files", "{03C898CF-8196-4DF3-AC7D-F62905D669A3}"
	ProjectSection(SolutionItems) = preProject
		files\ExampleImage.jpg = files\ExampleImage.jpg
		files\medium.txt = files\medium.txt
		files\small.txt = files\small.txt
	EndProjectSection
EndProject
Global
	GlobalSection(SolutionConfigurationPlatforms) = preSolution
		Debug|Any CPU = Debug|Any CPU
		Release|Any CPU = Release|Any CPU
	EndGlobalSection
	GlobalSection(ProjectConfigurationPlatforms) = postSolution
		{DB868004-C961-4D7B-B25E-185C160A1F47}.Debug|Any CPU.ActiveCfg = Debug|Any CPU
		{DB868004-C961-4D7B-B25E-185C160A1F47}.Debug|Any CPU.Build.0 = Debug|Any CPU
		{DB868004-C961-4D7B-B25E-185C160A1F47}.Release|Any CPU.ActiveCfg = Release|Any CPU
		{DB868004-C961-4D7B-B25E-185C160A1F47}.Release|Any CPU.Build.0 = Release|Any CPU
		{2D7E8706-7C0D-46D4-8E26-CCE01BF19270}.Debug|Any CPU.ActiveCfg = Debug|Any CPU
		{2D7E8706-7C0D-46D4-8E26-CCE01BF19270}.Debug|Any CPU.Build.0 = Debug|Any CPU
		{2D7E8706-7C0D-46D4-8E26-CCE01BF19270}.Release|Any CPU.ActiveCfg = Release|Any CPU
		{2D7E8706-7C0D-46D4-8E26-CCE01BF19270}.Release|Any CPU.Build.0 = Release|Any CPU
		{F622CAA3-A959-44CC-98C3-A2F606824B99}.Debug|Any CPU.ActiveCfg = Debug|Any CPU
		{F622CAA3-A959-44CC-98C3-A2F606824B99}.Debug|Any CPU.Build.0 = Debug|Any CPU
		{F622CAA3-A959-44CC-98C3-A2F606824B99}.Release|Any CPU.ActiveCfg = Release|Any CPU
		{F622CAA3-A959-44CC-98C3-A2F606824B99}.Release|Any CPU.Build.0 = Release|Any CPU
	EndGlobalSection
	GlobalSection(SolutionProperties) = preSolution
		HideSolutionNode = FALSE
	EndGlobalSection
EndGlobal
